// !$*UTF8*$!
{
	archiveVersion = 1;
	classes = {
	};
	objectVersion = 51;
	objects = {

/* Begin PBXBuildFile section */
		0E4B84C92AFD2CCC07EF0372 /* Pods_MyGallery_MyGalleryUITests.framework in Frameworks */ = {isa = PBXBuildFile; fileRef = B209B7C1220E6244FF7007FB /* Pods_MyGallery_MyGalleryUITests.framework */; };
		72903F6466BF0FEDB2BB1422 /* Pods_MyGallery.framework in Frameworks */ = {isa = PBXBuildFile; fileRef = 2F6D983956FA00554009C224 /* Pods_MyGallery.framework */; };
		9ECF64570C8ECFC91CB087D0 /* Pods_MyGalleryTests.framework in Frameworks */ = {isa = PBXBuildFile; fileRef = 457D2F4C469DEB1460EB7D74 /* Pods_MyGalleryTests.framework */; };
		B63CEA7226845F3C00DC941F /* AppDelegate.swift in Sources */ = {isa = PBXBuildFile; fileRef = B63CEA7126845F3C00DC941F /* AppDelegate.swift */; };
		B63CEA7426845F3C00DC941F /* SceneDelegate.swift in Sources */ = {isa = PBXBuildFile; fileRef = B63CEA7326845F3C00DC941F /* SceneDelegate.swift */; };
		B63CEA7B26845F3D00DC941F /* Assets.xcassets in Resources */ = {isa = PBXBuildFile; fileRef = B63CEA7A26845F3D00DC941F /* Assets.xcassets */; };
		B63CEA7E26845F3D00DC941F /* LaunchScreen.storyboard in Resources */ = {isa = PBXBuildFile; fileRef = B63CEA7C26845F3D00DC941F /* LaunchScreen.storyboard */; };
		B63CEA8926845F3D00DC941F /* MyGalleryTests.swift in Sources */ = {isa = PBXBuildFile; fileRef = B63CEA8826845F3D00DC941F /* MyGalleryTests.swift */; };
		B63CEA9426845F3D00DC941F /* MyGalleryUITests.swift in Sources */ = {isa = PBXBuildFile; fileRef = B63CEA9326845F3D00DC941F /* MyGalleryUITests.swift */; };
		B63CEAA2268462F500DC941F /* TabBar.swift in Sources */ = {isa = PBXBuildFile; fileRef = B63CEAA1268462F500DC941F /* TabBar.swift */; };
		B63CEAA626846B2800DC941F /* GalleryVC.swift in Sources */ = {isa = PBXBuildFile; fileRef = B63CEAA526846B2800DC941F /* GalleryVC.swift */; };
		B63CEAAA26846B8000DC941F /* SearchImagesVC.swift in Sources */ = {isa = PBXBuildFile; fileRef = B63CEAA926846B8000DC941F /* SearchImagesVC.swift */; };
		B63CEAB126847C0900DC941F /* MediaContext.swift in Sources */ = {isa = PBXBuildFile; fileRef = B63CEAB026847C0900DC941F /* MediaContext.swift */; };
		B63CEAB62684807B00DC941F /* CuratedModel.swift in Sources */ = {isa = PBXBuildFile; fileRef = B63CEAB52684807B00DC941F /* CuratedModel.swift */; };
		B63CEAB9268481AF00DC941F /* PinterestLayout.swift in Sources */ = {isa = PBXBuildFile; fileRef = B63CEAB8268481AF00DC941F /* PinterestLayout.swift */; };
		B63CEABD2684834000DC941F /* PhotoCell.swift in Sources */ = {isa = PBXBuildFile; fileRef = B63CEABB2684834000DC941F /* PhotoCell.swift */; };
		B63CEABE2684834000DC941F /* PhotoCell.xib in Resources */ = {isa = PBXBuildFile; fileRef = B63CEABC2684834000DC941F /* PhotoCell.xib */; };
		B63CEAC0268485C200DC941F /* GalleryVC.xib in Resources */ = {isa = PBXBuildFile; fileRef = B63CEABF268485C200DC941F /* GalleryVC.xib */; };
		B63CEAC22684946000DC941F /* Ext_UIImage.swift in Sources */ = {isa = PBXBuildFile; fileRef = B63CEAC12684946000DC941F /* Ext_UIImage.swift */; };
		B63CEAC42684A55E00DC941F /* GradientLabel.swift in Sources */ = {isa = PBXBuildFile; fileRef = B63CEAC32684A55E00DC941F /* GradientLabel.swift */; };
		B63CEAC62684A68400DC941F /* Ext_UIColor.swift in Sources */ = {isa = PBXBuildFile; fileRef = B63CEAC52684A68400DC941F /* Ext_UIColor.swift */; };
		B63CEAC92684B11D00DC941F /* GalleryViewModel.swift in Sources */ = {isa = PBXBuildFile; fileRef = B63CEAC82684B11D00DC941F /* GalleryViewModel.swift */; };
		B63CEAD32684C76500DC941F /* Gallery+UIContextMenu.swift in Sources */ = {isa = PBXBuildFile; fileRef = B63CEAD22684C76500DC941F /* Gallery+UIContextMenu.swift */; };
		B693CC352685BD4C001715AF /* SearchImagesVC.xib in Resources */ = {isa = PBXBuildFile; fileRef = B693CC342685BD4C001715AF /* SearchImagesVC.xib */; };
		B693CC372685BD57001715AF /* SearchViewModel.swift in Sources */ = {isa = PBXBuildFile; fileRef = B693CC362685BD57001715AF /* SearchViewModel.swift */; };
		B693CC392685D718001715AF /* Ext_UIView.swift in Sources */ = {isa = PBXBuildFile; fileRef = B693CC382685D718001715AF /* Ext_UIView.swift */; };
		B693CC3B2685DB35001715AF /* SearchTextField.swift in Sources */ = {isa = PBXBuildFile; fileRef = B693CC3A2685DB35001715AF /* SearchTextField.swift */; };
		B693CC3F26860FC9001715AF /* SearchImages+UIContextMenu.swift in Sources */ = {isa = PBXBuildFile; fileRef = B693CC3E26860FC9001715AF /* SearchImages+UIContextMenu.swift */; };
		B693CC4126861217001715AF /* Ext_String.swift in Sources */ = {isa = PBXBuildFile; fileRef = B693CC4026861217001715AF /* Ext_String.swift */; };
		B693CC4326861ABD001715AF /* gallery.png in Resources */ = {isa = PBXBuildFile; fileRef = B693CC4226861ABD001715AF /* gallery.png */; };
		B698E30B268DAA1D00AE6FBF /* ReachabilityManager.swift in Sources */ = {isa = PBXBuildFile; fileRef = B698E30A268DAA1D00AE6FBF /* ReachabilityManager.swift */; };
		B698E30D268DABEE00AE6FBF /* BaseVC.swift in Sources */ = {isa = PBXBuildFile; fileRef = B698E30C268DABEE00AE6FBF /* BaseVC.swift */; };
		B698E312268DD21B00AE6FBF /* GalleryUIWindow.swift in Sources */ = {isa = PBXBuildFile; fileRef = B698E311268DD21B00AE6FBF /* GalleryUIWindow.swift */; };
		B698E316268DE2AD00AE6FBF /* Localizable.strings in Resources */ = {isa = PBXBuildFile; fileRef = B698E318268DE2AD00AE6FBF /* Localizable.strings */; };
		B698E31B268E208400AE6FBF /* LanguageSelectionVC.swift in Sources */ = {isa = PBXBuildFile; fileRef = B698E31A268E208400AE6FBF /* LanguageSelectionVC.swift */; };
		B69A3F2D26872CAC008F16E3 /* GradientView.swift in Sources */ = {isa = PBXBuildFile; fileRef = B69A3F2C26872CAC008F16E3 /* GradientView.swift */; };
		B69A3F3026872F41008F16E3 /* ImagePreviewVC.swift in Sources */ = {isa = PBXBuildFile; fileRef = B69A3F2F26872F41008F16E3 /* ImagePreviewVC.swift */; };
		B69A3F3226879B0D008F16E3 /* Ext_UIApplication.swift in Sources */ = {isa = PBXBuildFile; fileRef = B69A3F3126879B0D008F16E3 /* Ext_UIApplication.swift */; };
		B69A3F342687A126008F16E3 /* WebPreviewVC.swift in Sources */ = {isa = PBXBuildFile; fileRef = B69A3F332687A126008F16E3 /* WebPreviewVC.swift */; };
		B69A3F402689AF6F008F16E3 /* PhotoManager.swift in Sources */ = {isa = PBXBuildFile; fileRef = B69A3F3F2689AF6F008F16E3 /* PhotoManager.swift */; };
		B6A4CBB72689FE6000E5CA01 /* CustomPhotoAlbum.swift in Sources */ = {isa = PBXBuildFile; fileRef = B6A4CBB62689FE6000E5CA01 /* CustomPhotoAlbum.swift */; };
		B6A9F14D268C52D200D32589 /* GalleryCell.swift in Sources */ = {isa = PBXBuildFile; fileRef = B6A9F14C268C52D200D32589 /* GalleryCell.swift */; };
		B6A9F14F268C5FB300D32589 /* Ext_Array.swift in Sources */ = {isa = PBXBuildFile; fileRef = B6A9F14E268C5FB300D32589 /* Ext_Array.swift */; };
		B6A9F151268C647A00D32589 /* EditCustomAlbum+UICollectionView.swift in Sources */ = {isa = PBXBuildFile; fileRef = B6A9F150268C647A00D32589 /* EditCustomAlbum+UICollectionView.swift */; };
		B6A9F153268C857800D32589 /* EditCustomAlbum+UIMenu.swift in Sources */ = {isa = PBXBuildFile; fileRef = B6A9F152268C857800D32589 /* EditCustomAlbum+UIMenu.swift */; };
		B6ABA099268B96A400833E8C /* EditCustomAlbumVC.swift in Sources */ = {isa = PBXBuildFile; fileRef = B6ABA098268B96A400833E8C /* EditCustomAlbumVC.swift */; };
		B6ABA09B268B96D000833E8C /* EditCustomAlbumVC.xib in Resources */ = {isa = PBXBuildFile; fileRef = B6ABA09A268B96D000833E8C /* EditCustomAlbumVC.xib */; };
		B6ABA09D268B979500833E8C /* EditAlbumViewModel.swift in Sources */ = {isa = PBXBuildFile; fileRef = B6ABA09C268B979500833E8C /* EditAlbumViewModel.swift */; };
		B6AFA767268B047400344FD5 /* SettingsVC.swift in Sources */ = {isa = PBXBuildFile; fileRef = B6AFA766268B047300344FD5 /* SettingsVC.swift */; };
		B6AFA76A268B0C2E00344FD5 /* SettingsCell.swift in Sources */ = {isa = PBXBuildFile; fileRef = B6AFA769268B0C2E00344FD5 /* SettingsCell.swift */; };
		B6AFA76D268B271000344FD5 /* StoreReviewHelper.swift in Sources */ = {isa = PBXBuildFile; fileRef = B6AFA76C268B271000344FD5 /* StoreReviewHelper.swift */; };
		B6AFA76F268B32E000344FD5 /* DarkModeSelectionVC.swift in Sources */ = {isa = PBXBuildFile; fileRef = B6AFA76E268B32E000344FD5 /* DarkModeSelectionVC.swift */; };
		B6AFA771268B432C00344FD5 /* Ext_UserDefaults.swift in Sources */ = {isa = PBXBuildFile; fileRef = B6AFA770268B432C00344FD5 /* Ext_UserDefaults.swift */; };
		B6AFA776268B506A00344FD5 /* Color.xcassets in Resources */ = {isa = PBXBuildFile; fileRef = B6AFA775268B506A00344FD5 /* Color.xcassets */; };
/* End PBXBuildFile section */

/* Begin PBXContainerItemProxy section */
		B63CEA8526845F3D00DC941F /* PBXContainerItemProxy */ = {
			isa = PBXContainerItemProxy;
			containerPortal = B63CEA6626845F3C00DC941F /* Project object */;
			proxyType = 1;
			remoteGlobalIDString = B63CEA6D26845F3C00DC941F;
			remoteInfo = MyGallery;
		};
		B63CEA9026845F3D00DC941F /* PBXContainerItemProxy */ = {
			isa = PBXContainerItemProxy;
			containerPortal = B63CEA6626845F3C00DC941F /* Project object */;
			proxyType = 1;
			remoteGlobalIDString = B63CEA6D26845F3C00DC941F;
			remoteInfo = MyGallery;
		};
/* End PBXContainerItemProxy section */

/* Begin PBXFileReference section */
		14C6A59D525E7025D6ABE050 /* Pods-MyGallery-MyGalleryUITests.release.xcconfig */ = {isa = PBXFileReference; includeInIndex = 1; lastKnownFileType = text.xcconfig; name = "Pods-MyGallery-MyGalleryUITests.release.xcconfig"; path = "Target Support Files/Pods-MyGallery-MyGalleryUITests/Pods-MyGallery-MyGalleryUITests.release.xcconfig"; sourceTree = "<group>"; };
		2F6D983956FA00554009C224 /* Pods_MyGallery.framework */ = {isa = PBXFileReference; explicitFileType = wrapper.framework; includeInIndex = 0; path = Pods_MyGallery.framework; sourceTree = BUILT_PRODUCTS_DIR; };
		36EBA529B9DB630D7B09534F /* Pods-MyGallery.debug.xcconfig */ = {isa = PBXFileReference; includeInIndex = 1; lastKnownFileType = text.xcconfig; name = "Pods-MyGallery.debug.xcconfig"; path = "Target Support Files/Pods-MyGallery/Pods-MyGallery.debug.xcconfig"; sourceTree = "<group>"; };
		457D2F4C469DEB1460EB7D74 /* Pods_MyGalleryTests.framework */ = {isa = PBXFileReference; explicitFileType = wrapper.framework; includeInIndex = 0; path = Pods_MyGalleryTests.framework; sourceTree = BUILT_PRODUCTS_DIR; };
		4582F299ED9F991FE2EBAE41 /* Pods-MyGallery.release.xcconfig */ = {isa = PBXFileReference; includeInIndex = 1; lastKnownFileType = text.xcconfig; name = "Pods-MyGallery.release.xcconfig"; path = "Target Support Files/Pods-MyGallery/Pods-MyGallery.release.xcconfig"; sourceTree = "<group>"; };
		9D43A017DEEBA084387D3F6E /* Pods-MyGalleryTests.debug.xcconfig */ = {isa = PBXFileReference; includeInIndex = 1; lastKnownFileType = text.xcconfig; name = "Pods-MyGalleryTests.debug.xcconfig"; path = "Target Support Files/Pods-MyGalleryTests/Pods-MyGalleryTests.debug.xcconfig"; sourceTree = "<group>"; };
		B209B7C1220E6244FF7007FB /* Pods_MyGallery_MyGalleryUITests.framework */ = {isa = PBXFileReference; explicitFileType = wrapper.framework; includeInIndex = 0; path = Pods_MyGallery_MyGalleryUITests.framework; sourceTree = BUILT_PRODUCTS_DIR; };
		B63CEA6E26845F3C00DC941F /* MyGallery.app */ = {isa = PBXFileReference; explicitFileType = wrapper.application; includeInIndex = 0; path = MyGallery.app; sourceTree = BUILT_PRODUCTS_DIR; };
		B63CEA7126845F3C00DC941F /* AppDelegate.swift */ = {isa = PBXFileReference; lastKnownFileType = sourcecode.swift; path = AppDelegate.swift; sourceTree = "<group>"; };
		B63CEA7326845F3C00DC941F /* SceneDelegate.swift */ = {isa = PBXFileReference; lastKnownFileType = sourcecode.swift; path = SceneDelegate.swift; sourceTree = "<group>"; };
		B63CEA7A26845F3D00DC941F /* Assets.xcassets */ = {isa = PBXFileReference; lastKnownFileType = folder.assetcatalog; path = Assets.xcassets; sourceTree = "<group>"; };
		B63CEA7D26845F3D00DC941F /* Base */ = {isa = PBXFileReference; lastKnownFileType = file.storyboard; name = Base; path = Base.lproj/LaunchScreen.storyboard; sourceTree = "<group>"; };
		B63CEA7F26845F3D00DC941F /* Info.plist */ = {isa = PBXFileReference; lastKnownFileType = text.plist.xml; path = Info.plist; sourceTree = "<group>"; };
		B63CEA8426845F3D00DC941F /* MyGalleryTests.xctest */ = {isa = PBXFileReference; explicitFileType = wrapper.cfbundle; includeInIndex = 0; path = MyGalleryTests.xctest; sourceTree = BUILT_PRODUCTS_DIR; };
		B63CEA8826845F3D00DC941F /* MyGalleryTests.swift */ = {isa = PBXFileReference; lastKnownFileType = sourcecode.swift; path = MyGalleryTests.swift; sourceTree = "<group>"; };
		B63CEA8A26845F3D00DC941F /* Info.plist */ = {isa = PBXFileReference; lastKnownFileType = text.plist.xml; path = Info.plist; sourceTree = "<group>"; };
		B63CEA8F26845F3D00DC941F /* MyGalleryUITests.xctest */ = {isa = PBXFileReference; explicitFileType = wrapper.cfbundle; includeInIndex = 0; path = MyGalleryUITests.xctest; sourceTree = BUILT_PRODUCTS_DIR; };
		B63CEA9326845F3D00DC941F /* MyGalleryUITests.swift */ = {isa = PBXFileReference; lastKnownFileType = sourcecode.swift; path = MyGalleryUITests.swift; sourceTree = "<group>"; };
		B63CEA9526845F3D00DC941F /* Info.plist */ = {isa = PBXFileReference; lastKnownFileType = text.plist.xml; path = Info.plist; sourceTree = "<group>"; };
		B63CEAA1268462F500DC941F /* TabBar.swift */ = {isa = PBXFileReference; lastKnownFileType = sourcecode.swift; path = TabBar.swift; sourceTree = "<group>"; };
		B63CEAA526846B2800DC941F /* GalleryVC.swift */ = {isa = PBXFileReference; lastKnownFileType = sourcecode.swift; path = GalleryVC.swift; sourceTree = "<group>"; };
		B63CEAA926846B8000DC941F /* SearchImagesVC.swift */ = {isa = PBXFileReference; lastKnownFileType = sourcecode.swift; path = SearchImagesVC.swift; sourceTree = "<group>"; };
		B63CEAB026847C0900DC941F /* MediaContext.swift */ = {isa = PBXFileReference; lastKnownFileType = sourcecode.swift; path = MediaContext.swift; sourceTree = "<group>"; };
		B63CEAB52684807B00DC941F /* CuratedModel.swift */ = {isa = PBXFileReference; lastKnownFileType = sourcecode.swift; path = CuratedModel.swift; sourceTree = "<group>"; };
		B63CEAB8268481AF00DC941F /* PinterestLayout.swift */ = {isa = PBXFileReference; lastKnownFileType = sourcecode.swift; path = PinterestLayout.swift; sourceTree = "<group>"; };
		B63CEABB2684834000DC941F /* PhotoCell.swift */ = {isa = PBXFileReference; lastKnownFileType = sourcecode.swift; path = PhotoCell.swift; sourceTree = "<group>"; };
		B63CEABC2684834000DC941F /* PhotoCell.xib */ = {isa = PBXFileReference; lastKnownFileType = file.xib; path = PhotoCell.xib; sourceTree = "<group>"; };
		B63CEABF268485C200DC941F /* GalleryVC.xib */ = {isa = PBXFileReference; lastKnownFileType = file.xib; path = GalleryVC.xib; sourceTree = "<group>"; };
		B63CEAC12684946000DC941F /* Ext_UIImage.swift */ = {isa = PBXFileReference; lastKnownFileType = sourcecode.swift; path = Ext_UIImage.swift; sourceTree = "<group>"; };
		B63CEAC32684A55E00DC941F /* GradientLabel.swift */ = {isa = PBXFileReference; lastKnownFileType = sourcecode.swift; path = GradientLabel.swift; sourceTree = "<group>"; };
		B63CEAC52684A68400DC941F /* Ext_UIColor.swift */ = {isa = PBXFileReference; lastKnownFileType = sourcecode.swift; path = Ext_UIColor.swift; sourceTree = "<group>"; };
		B63CEAC82684B11D00DC941F /* GalleryViewModel.swift */ = {isa = PBXFileReference; lastKnownFileType = sourcecode.swift; path = GalleryViewModel.swift; sourceTree = "<group>"; };
		B63CEAD22684C76500DC941F /* Gallery+UIContextMenu.swift */ = {isa = PBXFileReference; lastKnownFileType = sourcecode.swift; path = "Gallery+UIContextMenu.swift"; sourceTree = "<group>"; };
		B693CC342685BD4C001715AF /* SearchImagesVC.xib */ = {isa = PBXFileReference; lastKnownFileType = file.xib; path = SearchImagesVC.xib; sourceTree = "<group>"; };
		B693CC362685BD57001715AF /* SearchViewModel.swift */ = {isa = PBXFileReference; lastKnownFileType = sourcecode.swift; path = SearchViewModel.swift; sourceTree = "<group>"; };
		B693CC382685D718001715AF /* Ext_UIView.swift */ = {isa = PBXFileReference; lastKnownFileType = sourcecode.swift; path = Ext_UIView.swift; sourceTree = "<group>"; };
		B693CC3A2685DB35001715AF /* SearchTextField.swift */ = {isa = PBXFileReference; lastKnownFileType = sourcecode.swift; path = SearchTextField.swift; sourceTree = "<group>"; };
		B693CC3E26860FC9001715AF /* SearchImages+UIContextMenu.swift */ = {isa = PBXFileReference; lastKnownFileType = sourcecode.swift; path = "SearchImages+UIContextMenu.swift"; sourceTree = "<group>"; };
		B693CC4026861217001715AF /* Ext_String.swift */ = {isa = PBXFileReference; lastKnownFileType = sourcecode.swift; path = Ext_String.swift; sourceTree = "<group>"; };
		B693CC4226861ABD001715AF /* gallery.png */ = {isa = PBXFileReference; lastKnownFileType = image.png; path = gallery.png; sourceTree = "<group>"; };
		B698E30A268DAA1D00AE6FBF /* ReachabilityManager.swift */ = {isa = PBXFileReference; lastKnownFileType = sourcecode.swift; path = ReachabilityManager.swift; sourceTree = "<group>"; };
		B698E30C268DABEE00AE6FBF /* BaseVC.swift */ = {isa = PBXFileReference; lastKnownFileType = sourcecode.swift; path = BaseVC.swift; sourceTree = "<group>"; };
		B698E311268DD21B00AE6FBF /* GalleryUIWindow.swift */ = {isa = PBXFileReference; lastKnownFileType = sourcecode.swift; path = GalleryUIWindow.swift; sourceTree = "<group>"; };
		B698E317268DE2AD00AE6FBF /* en */ = {isa = PBXFileReference; lastKnownFileType = text.plist.strings; name = en; path = en.lproj/Localizable.strings; sourceTree = "<group>"; };
		B698E319268DE2CD00AE6FBF /* el */ = {isa = PBXFileReference; lastKnownFileType = text.plist.strings; name = el; path = el.lproj/Localizable.strings; sourceTree = "<group>"; };
		B698E31A268E208400AE6FBF /* LanguageSelectionVC.swift */ = {isa = PBXFileReference; lastKnownFileType = sourcecode.swift; path = LanguageSelectionVC.swift; sourceTree = "<group>"; };
		B69A3F2C26872CAC008F16E3 /* GradientView.swift */ = {isa = PBXFileReference; lastKnownFileType = sourcecode.swift; path = GradientView.swift; sourceTree = "<group>"; };
		B69A3F2F26872F41008F16E3 /* ImagePreviewVC.swift */ = {isa = PBXFileReference; lastKnownFileType = sourcecode.swift; path = ImagePreviewVC.swift; sourceTree = "<group>"; };
		B69A3F3126879B0D008F16E3 /* Ext_UIApplication.swift */ = {isa = PBXFileReference; lastKnownFileType = sourcecode.swift; path = Ext_UIApplication.swift; sourceTree = "<group>"; };
		B69A3F332687A126008F16E3 /* WebPreviewVC.swift */ = {isa = PBXFileReference; lastKnownFileType = sourcecode.swift; path = WebPreviewVC.swift; sourceTree = "<group>"; };
		B69A3F3F2689AF6F008F16E3 /* PhotoManager.swift */ = {isa = PBXFileReference; lastKnownFileType = sourcecode.swift; path = PhotoManager.swift; sourceTree = "<group>"; };
		B6A4CBB62689FE6000E5CA01 /* CustomPhotoAlbum.swift */ = {isa = PBXFileReference; lastKnownFileType = sourcecode.swift; path = CustomPhotoAlbum.swift; sourceTree = "<group>"; };
		B6A9F14C268C52D200D32589 /* GalleryCell.swift */ = {isa = PBXFileReference; lastKnownFileType = sourcecode.swift; path = GalleryCell.swift; sourceTree = "<group>"; };
		B6A9F14E268C5FB300D32589 /* Ext_Array.swift */ = {isa = PBXFileReference; lastKnownFileType = sourcecode.swift; path = Ext_Array.swift; sourceTree = "<group>"; };
		B6A9F150268C647A00D32589 /* EditCustomAlbum+UICollectionView.swift */ = {isa = PBXFileReference; lastKnownFileType = sourcecode.swift; path = "EditCustomAlbum+UICollectionView.swift"; sourceTree = "<group>"; };
		B6A9F152268C857800D32589 /* EditCustomAlbum+UIMenu.swift */ = {isa = PBXFileReference; lastKnownFileType = sourcecode.swift; path = "EditCustomAlbum+UIMenu.swift"; sourceTree = "<group>"; };
		B6ABA098268B96A400833E8C /* EditCustomAlbumVC.swift */ = {isa = PBXFileReference; lastKnownFileType = sourcecode.swift; path = EditCustomAlbumVC.swift; sourceTree = "<group>"; };
		B6ABA09A268B96D000833E8C /* EditCustomAlbumVC.xib */ = {isa = PBXFileReference; lastKnownFileType = file.xib; path = EditCustomAlbumVC.xib; sourceTree = "<group>"; };
		B6ABA09C268B979500833E8C /* EditAlbumViewModel.swift */ = {isa = PBXFileReference; lastKnownFileType = sourcecode.swift; path = EditAlbumViewModel.swift; sourceTree = "<group>"; };
		B6AFA766268B047300344FD5 /* SettingsVC.swift */ = {isa = PBXFileReference; lastKnownFileType = sourcecode.swift; path = SettingsVC.swift; sourceTree = "<group>"; };
		B6AFA769268B0C2E00344FD5 /* SettingsCell.swift */ = {isa = PBXFileReference; lastKnownFileType = sourcecode.swift; path = SettingsCell.swift; sourceTree = "<group>"; };
		B6AFA76C268B271000344FD5 /* StoreReviewHelper.swift */ = {isa = PBXFileReference; lastKnownFileType = sourcecode.swift; path = StoreReviewHelper.swift; sourceTree = "<group>"; };
		B6AFA76E268B32E000344FD5 /* DarkModeSelectionVC.swift */ = {isa = PBXFileReference; lastKnownFileType = sourcecode.swift; path = DarkModeSelectionVC.swift; sourceTree = "<group>"; };
		B6AFA770268B432C00344FD5 /* Ext_UserDefaults.swift */ = {isa = PBXFileReference; lastKnownFileType = sourcecode.swift; path = Ext_UserDefaults.swift; sourceTree = "<group>"; };
		B6AFA775268B506A00344FD5 /* Color.xcassets */ = {isa = PBXFileReference; lastKnownFileType = folder.assetcatalog; path = Color.xcassets; sourceTree = "<group>"; };
		C155E03FE6508A73A0F1DF41 /* Pods-MyGalleryTests.release.xcconfig */ = {isa = PBXFileReference; includeInIndex = 1; lastKnownFileType = text.xcconfig; name = "Pods-MyGalleryTests.release.xcconfig"; path = "Target Support Files/Pods-MyGalleryTests/Pods-MyGalleryTests.release.xcconfig"; sourceTree = "<group>"; };
		F8646D12B5C26D6D211F4584 /* Pods-MyGallery-MyGalleryUITests.debug.xcconfig */ = {isa = PBXFileReference; includeInIndex = 1; lastKnownFileType = text.xcconfig; name = "Pods-MyGallery-MyGalleryUITests.debug.xcconfig"; path = "Target Support Files/Pods-MyGallery-MyGalleryUITests/Pods-MyGallery-MyGalleryUITests.debug.xcconfig"; sourceTree = "<group>"; };
/* End PBXFileReference section */

/* Begin PBXFrameworksBuildPhase section */
		B63CEA6B26845F3C00DC941F /* Frameworks */ = {
			isa = PBXFrameworksBuildPhase;
			buildActionMask = 2147483647;
			files = (
				72903F6466BF0FEDB2BB1422 /* Pods_MyGallery.framework in Frameworks */,
			);
			runOnlyForDeploymentPostprocessing = 0;
		};
		B63CEA8126845F3D00DC941F /* Frameworks */ = {
			isa = PBXFrameworksBuildPhase;
			buildActionMask = 2147483647;
			files = (
				9ECF64570C8ECFC91CB087D0 /* Pods_MyGalleryTests.framework in Frameworks */,
			);
			runOnlyForDeploymentPostprocessing = 0;
		};
		B63CEA8C26845F3D00DC941F /* Frameworks */ = {
			isa = PBXFrameworksBuildPhase;
			buildActionMask = 2147483647;
			files = (
				0E4B84C92AFD2CCC07EF0372 /* Pods_MyGallery_MyGalleryUITests.framework in Frameworks */,
			);
			runOnlyForDeploymentPostprocessing = 0;
		};
/* End PBXFrameworksBuildPhase section */

/* Begin PBXGroup section */
		3A40DFA92DF89F80B2E94FFC /* Frameworks */ = {
			isa = PBXGroup;
			children = (
				2F6D983956FA00554009C224 /* Pods_MyGallery.framework */,
				B209B7C1220E6244FF7007FB /* Pods_MyGallery_MyGalleryUITests.framework */,
				457D2F4C469DEB1460EB7D74 /* Pods_MyGalleryTests.framework */,
			);
			name = Frameworks;
			sourceTree = "<group>";
		};
		930E9B49F6D4B1CCF6B1E160 /* Pods */ = {
			isa = PBXGroup;
			children = (
				36EBA529B9DB630D7B09534F /* Pods-MyGallery.debug.xcconfig */,
				4582F299ED9F991FE2EBAE41 /* Pods-MyGallery.release.xcconfig */,
				F8646D12B5C26D6D211F4584 /* Pods-MyGallery-MyGalleryUITests.debug.xcconfig */,
				14C6A59D525E7025D6ABE050 /* Pods-MyGallery-MyGalleryUITests.release.xcconfig */,
				9D43A017DEEBA084387D3F6E /* Pods-MyGalleryTests.debug.xcconfig */,
				C155E03FE6508A73A0F1DF41 /* Pods-MyGalleryTests.release.xcconfig */,
			);
			path = Pods;
			sourceTree = "<group>";
		};
		B63CEA6526845F3C00DC941F = {
			isa = PBXGroup;
			children = (
				B63CEA7026845F3C00DC941F /* MyGallery */,
				B63CEA8726845F3D00DC941F /* MyGalleryTests */,
				B63CEA9226845F3D00DC941F /* MyGalleryUITests */,
				B63CEA6F26845F3C00DC941F /* Products */,
				930E9B49F6D4B1CCF6B1E160 /* Pods */,
				3A40DFA92DF89F80B2E94FFC /* Frameworks */,
			);
			sourceTree = "<group>";
		};
		B63CEA6F26845F3C00DC941F /* Products */ = {
			isa = PBXGroup;
			children = (
				B63CEA6E26845F3C00DC941F /* MyGallery.app */,
				B63CEA8426845F3D00DC941F /* MyGalleryTests.xctest */,
				B63CEA8F26845F3D00DC941F /* MyGalleryUITests.xctest */,
			);
			name = Products;
			sourceTree = "<group>";
		};
		B63CEA7026845F3C00DC941F /* MyGallery */ = {
			isa = PBXGroup;
			children = (
				B69A3F3E2689AF63008F16E3 /* Services */,
				B63CEAA3268467EA00DC941F /* MainApp */,
				B63CEAA42684686400DC941F /* ViewControllers */,
				B63CEAAF26847BFC00DC941F /* MediaContext */,
				B63CEAAC2684771C00DC941F /* Extensions */,
				B63CEAB226847F2800DC941F /* Models */,
				B63CEAB72684819E00DC941F /* CustomViews */,
				B6AFA76B268B26F500344FD5 /* Helpers */,
				B63CEA7A26845F3D00DC941F /* Assets.xcassets */,
				B6AFA775268B506A00344FD5 /* Color.xcassets */,
				B693CC4226861ABD001715AF /* gallery.png */,
				B63CEA7C26845F3D00DC941F /* LaunchScreen.storyboard */,
				B63CEA7F26845F3D00DC941F /* Info.plist */,
			);
			path = MyGallery;
			sourceTree = "<group>";
		};
		B63CEA8726845F3D00DC941F /* MyGalleryTests */ = {
			isa = PBXGroup;
			children = (
				B63CEA8826845F3D00DC941F /* MyGalleryTests.swift */,
				B63CEA8A26845F3D00DC941F /* Info.plist */,
			);
			path = MyGalleryTests;
			sourceTree = "<group>";
		};
		B63CEA9226845F3D00DC941F /* MyGalleryUITests */ = {
			isa = PBXGroup;
			children = (
				B63CEA9326845F3D00DC941F /* MyGalleryUITests.swift */,
				B63CEA9526845F3D00DC941F /* Info.plist */,
			);
			path = MyGalleryUITests;
			sourceTree = "<group>";
		};
		B63CEAA3268467EA00DC941F /* MainApp */ = {
			isa = PBXGroup;
			children = (
				B63CEA7126845F3C00DC941F /* AppDelegate.swift */,
				B63CEA7326845F3C00DC941F /* SceneDelegate.swift */,
				B63CEAA1268462F500DC941F /* TabBar.swift */,
				B698E30C268DABEE00AE6FBF /* BaseVC.swift */,
				B698E311268DD21B00AE6FBF /* GalleryUIWindow.swift */,
			);
			path = MainApp;
			sourceTree = "<group>";
		};
		B63CEAA42684686400DC941F /* ViewControllers */ = {
			isa = PBXGroup;
			children = (
				B63CEAC72684B07E00DC941F /* Gallery */,
				B693CC332685BD32001715AF /* Search */,
				B69A3F2A26872340008F16E3 /* Settings */,
				B69A3F2E26872F28008F16E3 /* Preview */,
			);
			path = ViewControllers;
			sourceTree = "<group>";
		};
		B63CEAAC2684771C00DC941F /* Extensions */ = {
			isa = PBXGroup;
			children = (
				B63CEAC12684946000DC941F /* Ext_UIImage.swift */,
				B63CEAC52684A68400DC941F /* Ext_UIColor.swift */,
				B693CC382685D718001715AF /* Ext_UIView.swift */,
				B693CC4026861217001715AF /* Ext_String.swift */,
				B69A3F3126879B0D008F16E3 /* Ext_UIApplication.swift */,
				B6AFA770268B432C00344FD5 /* Ext_UserDefaults.swift */,
				B6A9F14E268C5FB300D32589 /* Ext_Array.swift */,
			);
			path = Extensions;
			sourceTree = "<group>";
		};
		B63CEAAF26847BFC00DC941F /* MediaContext */ = {
			isa = PBXGroup;
			children = (
				B63CEAB026847C0900DC941F /* MediaContext.swift */,
			);
			path = MediaContext;
			sourceTree = "<group>";
		};
		B63CEAB226847F2800DC941F /* Models */ = {
			isa = PBXGroup;
			children = (
				B63CEAB52684807B00DC941F /* CuratedModel.swift */,
			);
			path = Models;
			sourceTree = "<group>";
		};
		B63CEAB72684819E00DC941F /* CustomViews */ = {
			isa = PBXGroup;
			children = (
				B6AFA768268B0C0600344FD5 /* TableView */,
				B63CEABA2684831100DC941F /* CollectionView */,
				B63CEAC32684A55E00DC941F /* GradientLabel.swift */,
				B693CC3A2685DB35001715AF /* SearchTextField.swift */,
				B69A3F2C26872CAC008F16E3 /* GradientView.swift */,
			);
			path = CustomViews;
			sourceTree = "<group>";
		};
		B63CEABA2684831100DC941F /* CollectionView */ = {
			isa = PBXGroup;
			children = (
				B63CEAB8268481AF00DC941F /* PinterestLayout.swift */,
				B63CEABB2684834000DC941F /* PhotoCell.swift */,
				B63CEABC2684834000DC941F /* PhotoCell.xib */,
				B6A9F14C268C52D200D32589 /* GalleryCell.swift */,
			);
			path = CollectionView;
			sourceTree = "<group>";
		};
		B63CEAC72684B07E00DC941F /* Gallery */ = {
			isa = PBXGroup;
			children = (
				B63CEAA526846B2800DC941F /* GalleryVC.swift */,
				B63CEABF268485C200DC941F /* GalleryVC.xib */,
				B63CEAC82684B11D00DC941F /* GalleryViewModel.swift */,
				B63CEAD22684C76500DC941F /* Gallery+UIContextMenu.swift */,
			);
			path = Gallery;
			sourceTree = "<group>";
		};
		B693CC332685BD32001715AF /* Search */ = {
			isa = PBXGroup;
			children = (
				B63CEAA926846B8000DC941F /* SearchImagesVC.swift */,
				B693CC342685BD4C001715AF /* SearchImagesVC.xib */,
				B693CC362685BD57001715AF /* SearchViewModel.swift */,
				B693CC3E26860FC9001715AF /* SearchImages+UIContextMenu.swift */,
			);
			path = Search;
			sourceTree = "<group>";
		};
		B69A3F2A26872340008F16E3 /* Settings */ = {
			isa = PBXGroup;
			children = (
				B6ABA097268B968100833E8C /* EditAlbum */,
				B6AFA766268B047300344FD5 /* SettingsVC.swift */,
				B6AFA76E268B32E000344FD5 /* DarkModeSelectionVC.swift */,
				B698E31A268E208400AE6FBF /* LanguageSelectionVC.swift */,
			);
			path = Settings;
			sourceTree = "<group>";
		};
		B69A3F2E26872F28008F16E3 /* Preview */ = {
			isa = PBXGroup;
			children = (
				B69A3F2F26872F41008F16E3 /* ImagePreviewVC.swift */,
				B69A3F332687A126008F16E3 /* WebPreviewVC.swift */,
			);
			path = Preview;
			sourceTree = "<group>";
		};
		B69A3F3E2689AF63008F16E3 /* Services */ = {
			isa = PBXGroup;
			children = (
				B69A3F3F2689AF6F008F16E3 /* PhotoManager.swift */,
				B698E30A268DAA1D00AE6FBF /* ReachabilityManager.swift */,
			);
			path = Services;
			sourceTree = "<group>";
		};
		B6ABA097268B968100833E8C /* EditAlbum */ = {
			isa = PBXGroup;
			children = (
				B6ABA098268B96A400833E8C /* EditCustomAlbumVC.swift */,
				B6ABA09A268B96D000833E8C /* EditCustomAlbumVC.xib */,
				B6ABA09C268B979500833E8C /* EditAlbumViewModel.swift */,
				B6A9F150268C647A00D32589 /* EditCustomAlbum+UICollectionView.swift */,
				B6A9F152268C857800D32589 /* EditCustomAlbum+UIMenu.swift */,
			);
			path = EditAlbum;
			sourceTree = "<group>";
		};
		B6AFA768268B0C0600344FD5 /* TableView */ = {
			isa = PBXGroup;
			children = (
				B6AFA769268B0C2E00344FD5 /* SettingsCell.swift */,
			);
			path = TableView;
			sourceTree = "<group>";
		};
		B6AFA76B268B26F500344FD5 /* Helpers */ = {
			isa = PBXGroup;
			children = (
				B6A4CBB62689FE6000E5CA01 /* CustomPhotoAlbum.swift */,
				B6AFA76C268B271000344FD5 /* StoreReviewHelper.swift */,
				B698E318268DE2AD00AE6FBF /* Localizable.strings */,
			);
			path = Helpers;
			sourceTree = "<group>";
		};
/* End PBXGroup section */

/* Begin PBXNativeTarget section */
		B63CEA6D26845F3C00DC941F /* MyGallery */ = {
			isa = PBXNativeTarget;
			buildConfigurationList = B63CEA9826845F3D00DC941F /* Build configuration list for PBXNativeTarget "MyGallery" */;
			buildPhases = (
				32F3EF12F4BB54934FC89373 /* [CP] Check Pods Manifest.lock */,
				B63CEA6A26845F3C00DC941F /* Sources */,
				B63CEA6B26845F3C00DC941F /* Frameworks */,
				B63CEA6C26845F3C00DC941F /* Resources */,
				8B97B3B1713A0F1C72D98D23 /* [CP] Embed Pods Frameworks */,
			);
			buildRules = (
			);
			dependencies = (
			);
			name = MyGallery;
			productName = MyGallery;
			productReference = B63CEA6E26845F3C00DC941F /* MyGallery.app */;
			productType = "com.apple.product-type.application";
		};
		B63CEA8326845F3D00DC941F /* MyGalleryTests */ = {
			isa = PBXNativeTarget;
			buildConfigurationList = B63CEA9B26845F3D00DC941F /* Build configuration list for PBXNativeTarget "MyGalleryTests" */;
			buildPhases = (
				2FB4C1560AC81AB51004102A /* [CP] Check Pods Manifest.lock */,
				B63CEA8026845F3D00DC941F /* Sources */,
				B63CEA8126845F3D00DC941F /* Frameworks */,
				B63CEA8226845F3D00DC941F /* Resources */,
			);
			buildRules = (
			);
			dependencies = (
				B63CEA8626845F3D00DC941F /* PBXTargetDependency */,
			);
			name = MyGalleryTests;
			productName = MyGalleryTests;
			productReference = B63CEA8426845F3D00DC941F /* MyGalleryTests.xctest */;
			productType = "com.apple.product-type.bundle.unit-test";
		};
		B63CEA8E26845F3D00DC941F /* MyGalleryUITests */ = {
			isa = PBXNativeTarget;
			buildConfigurationList = B63CEA9E26845F3D00DC941F /* Build configuration list for PBXNativeTarget "MyGalleryUITests" */;
			buildPhases = (
				A8FA9D6986B3660BCA8FAC55 /* [CP] Check Pods Manifest.lock */,
				B63CEA8B26845F3D00DC941F /* Sources */,
				B63CEA8C26845F3D00DC941F /* Frameworks */,
				B63CEA8D26845F3D00DC941F /* Resources */,
				D71D485D5E994E3D0FDC65F7 /* [CP] Embed Pods Frameworks */,
			);
			buildRules = (
			);
			dependencies = (
				B63CEA9126845F3D00DC941F /* PBXTargetDependency */,
			);
			name = MyGalleryUITests;
			productName = MyGalleryUITests;
			productReference = B63CEA8F26845F3D00DC941F /* MyGalleryUITests.xctest */;
			productType = "com.apple.product-type.bundle.ui-testing";
		};
/* End PBXNativeTarget section */

/* Begin PBXProject section */
		B63CEA6626845F3C00DC941F /* Project object */ = {
			isa = PBXProject;
			attributes = {
				LastSwiftUpdateCheck = 1250;
				LastUpgradeCheck = 1250;
				TargetAttributes = {
					B63CEA6D26845F3C00DC941F = {
						CreatedOnToolsVersion = 12.5;
					};
					B63CEA8326845F3D00DC941F = {
						CreatedOnToolsVersion = 12.5;
						TestTargetID = B63CEA6D26845F3C00DC941F;
					};
					B63CEA8E26845F3D00DC941F = {
						CreatedOnToolsVersion = 12.5;
						TestTargetID = B63CEA6D26845F3C00DC941F;
					};
				};
			};
			buildConfigurationList = B63CEA6926845F3C00DC941F /* Build configuration list for PBXProject "MyGallery" */;
			compatibilityVersion = "Xcode 9.3";
			developmentRegion = en;
			hasScannedForEncodings = 0;
			knownRegions = (
				en,
				Base,
				el,
			);
			mainGroup = B63CEA6526845F3C00DC941F;
			productRefGroup = B63CEA6F26845F3C00DC941F /* Products */;
			projectDirPath = "";
			projectRoot = "";
			targets = (
				B63CEA6D26845F3C00DC941F /* MyGallery */,
				B63CEA8326845F3D00DC941F /* MyGalleryTests */,
				B63CEA8E26845F3D00DC941F /* MyGalleryUITests */,
			);
		};
/* End PBXProject section */

/* Begin PBXResourcesBuildPhase section */
		B63CEA6C26845F3C00DC941F /* Resources */ = {
			isa = PBXResourcesBuildPhase;
			buildActionMask = 2147483647;
			files = (
				B693CC4326861ABD001715AF /* gallery.png in Resources */,
				B6ABA09B268B96D000833E8C /* EditCustomAlbumVC.xib in Resources */,
				B63CEABE2684834000DC941F /* PhotoCell.xib in Resources */,
				B63CEAC0268485C200DC941F /* GalleryVC.xib in Resources */,
				B698E316268DE2AD00AE6FBF /* Localizable.strings in Resources */,
				B63CEA7E26845F3D00DC941F /* LaunchScreen.storyboard in Resources */,
				B6AFA776268B506A00344FD5 /* Color.xcassets in Resources */,
				B63CEA7B26845F3D00DC941F /* Assets.xcassets in Resources */,
				B693CC352685BD4C001715AF /* SearchImagesVC.xib in Resources */,
			);
			runOnlyForDeploymentPostprocessing = 0;
		};
		B63CEA8226845F3D00DC941F /* Resources */ = {
			isa = PBXResourcesBuildPhase;
			buildActionMask = 2147483647;
			files = (
			);
			runOnlyForDeploymentPostprocessing = 0;
		};
		B63CEA8D26845F3D00DC941F /* Resources */ = {
			isa = PBXResourcesBuildPhase;
			buildActionMask = 2147483647;
			files = (
			);
			runOnlyForDeploymentPostprocessing = 0;
		};
/* End PBXResourcesBuildPhase section */

/* Begin PBXShellScriptBuildPhase section */
		2FB4C1560AC81AB51004102A /* [CP] Check Pods Manifest.lock */ = {
			isa = PBXShellScriptBuildPhase;
			buildActionMask = 2147483647;
			files = (
			);
			inputFileListPaths = (
			);
			inputPaths = (
				"${PODS_PODFILE_DIR_PATH}/Podfile.lock",
				"${PODS_ROOT}/Manifest.lock",
			);
			name = "[CP] Check Pods Manifest.lock";
			outputFileListPaths = (
			);
			outputPaths = (
				"$(DERIVED_FILE_DIR)/Pods-MyGalleryTests-checkManifestLockResult.txt",
			);
			runOnlyForDeploymentPostprocessing = 0;
			shellPath = /bin/sh;
			shellScript = "diff \"${PODS_PODFILE_DIR_PATH}/Podfile.lock\" \"${PODS_ROOT}/Manifest.lock\" > /dev/null\nif [ $? != 0 ] ; then\n    # print error to STDERR\n    echo \"error: The sandbox is not in sync with the Podfile.lock. Run 'pod install' or update your CocoaPods installation.\" >&2\n    exit 1\nfi\n# This output is used by Xcode 'outputs' to avoid re-running this script phase.\necho \"SUCCESS\" > \"${SCRIPT_OUTPUT_FILE_0}\"\n";
			showEnvVarsInLog = 0;
		};
		32F3EF12F4BB54934FC89373 /* [CP] Check Pods Manifest.lock */ = {
			isa = PBXShellScriptBuildPhase;
			buildActionMask = 2147483647;
			files = (
			);
			inputFileListPaths = (
			);
			inputPaths = (
				"${PODS_PODFILE_DIR_PATH}/Podfile.lock",
				"${PODS_ROOT}/Manifest.lock",
			);
			name = "[CP] Check Pods Manifest.lock";
			outputFileListPaths = (
			);
			outputPaths = (
				"$(DERIVED_FILE_DIR)/Pods-MyGallery-checkManifestLockResult.txt",
			);
			runOnlyForDeploymentPostprocessing = 0;
			shellPath = /bin/sh;
			shellScript = "diff \"${PODS_PODFILE_DIR_PATH}/Podfile.lock\" \"${PODS_ROOT}/Manifest.lock\" > /dev/null\nif [ $? != 0 ] ; then\n    # print error to STDERR\n    echo \"error: The sandbox is not in sync with the Podfile.lock. Run 'pod install' or update your CocoaPods installation.\" >&2\n    exit 1\nfi\n# This output is used by Xcode 'outputs' to avoid re-running this script phase.\necho \"SUCCESS\" > \"${SCRIPT_OUTPUT_FILE_0}\"\n";
			showEnvVarsInLog = 0;
		};
		8B97B3B1713A0F1C72D98D23 /* [CP] Embed Pods Frameworks */ = {
			isa = PBXShellScriptBuildPhase;
			buildActionMask = 2147483647;
			files = (
			);
			inputFileListPaths = (
				"${PODS_ROOT}/Target Support Files/Pods-MyGallery/Pods-MyGallery-frameworks-${CONFIGURATION}-input-files.xcfilelist",
			);
			name = "[CP] Embed Pods Frameworks";
			outputFileListPaths = (
				"${PODS_ROOT}/Target Support Files/Pods-MyGallery/Pods-MyGallery-frameworks-${CONFIGURATION}-output-files.xcfilelist",
			);
			runOnlyForDeploymentPostprocessing = 0;
			shellPath = /bin/sh;
			shellScript = "\"${PODS_ROOT}/Target Support Files/Pods-MyGallery/Pods-MyGallery-frameworks.sh\"\n";
			showEnvVarsInLog = 0;
		};
		A8FA9D6986B3660BCA8FAC55 /* [CP] Check Pods Manifest.lock */ = {
			isa = PBXShellScriptBuildPhase;
			buildActionMask = 2147483647;
			files = (
			);
			inputFileListPaths = (
			);
			inputPaths = (
				"${PODS_PODFILE_DIR_PATH}/Podfile.lock",
				"${PODS_ROOT}/Manifest.lock",
			);
			name = "[CP] Check Pods Manifest.lock";
			outputFileListPaths = (
			);
			outputPaths = (
				"$(DERIVED_FILE_DIR)/Pods-MyGallery-MyGalleryUITests-checkManifestLockResult.txt",
			);
			runOnlyForDeploymentPostprocessing = 0;
			shellPath = /bin/sh;
			shellScript = "diff \"${PODS_PODFILE_DIR_PATH}/Podfile.lock\" \"${PODS_ROOT}/Manifest.lock\" > /dev/null\nif [ $? != 0 ] ; then\n    # print error to STDERR\n    echo \"error: The sandbox is not in sync with the Podfile.lock. Run 'pod install' or update your CocoaPods installation.\" >&2\n    exit 1\nfi\n# This output is used by Xcode 'outputs' to avoid re-running this script phase.\necho \"SUCCESS\" > \"${SCRIPT_OUTPUT_FILE_0}\"\n";
			showEnvVarsInLog = 0;
		};
		D71D485D5E994E3D0FDC65F7 /* [CP] Embed Pods Frameworks */ = {
			isa = PBXShellScriptBuildPhase;
			buildActionMask = 2147483647;
			files = (
			);
			inputFileListPaths = (
				"${PODS_ROOT}/Target Support Files/Pods-MyGallery-MyGalleryUITests/Pods-MyGallery-MyGalleryUITests-frameworks-${CONFIGURATION}-input-files.xcfilelist",
			);
			name = "[CP] Embed Pods Frameworks";
			outputFileListPaths = (
				"${PODS_ROOT}/Target Support Files/Pods-MyGallery-MyGalleryUITests/Pods-MyGallery-MyGalleryUITests-frameworks-${CONFIGURATION}-output-files.xcfilelist",
			);
			runOnlyForDeploymentPostprocessing = 0;
			shellPath = /bin/sh;
			shellScript = "\"${PODS_ROOT}/Target Support Files/Pods-MyGallery-MyGalleryUITests/Pods-MyGallery-MyGalleryUITests-frameworks.sh\"\n";
			showEnvVarsInLog = 0;
		};
/* End PBXShellScriptBuildPhase section */

/* Begin PBXSourcesBuildPhase section */
		B63CEA6A26845F3C00DC941F /* Sources */ = {
			isa = PBXSourcesBuildPhase;
			buildActionMask = 2147483647;
			files = (
				B63CEAC22684946000DC941F /* Ext_UIImage.swift in Sources */,
				B6A4CBB72689FE6000E5CA01 /* CustomPhotoAlbum.swift in Sources */,
				B63CEAA626846B2800DC941F /* GalleryVC.swift in Sources */,
				B63CEA7226845F3C00DC941F /* AppDelegate.swift in Sources */,
				B63CEAC92684B11D00DC941F /* GalleryViewModel.swift in Sources */,
				B63CEAB126847C0900DC941F /* MediaContext.swift in Sources */,
				B69A3F3026872F41008F16E3 /* ImagePreviewVC.swift in Sources */,
				B698E31B268E208400AE6FBF /* LanguageSelectionVC.swift in Sources */,
				B6A9F153268C857800D32589 /* EditCustomAlbum+UIMenu.swift in Sources */,
				B6A9F14F268C5FB300D32589 /* Ext_Array.swift in Sources */,
				B69A3F342687A126008F16E3 /* WebPreviewVC.swift in Sources */,
				B693CC3F26860FC9001715AF /* SearchImages+UIContextMenu.swift in Sources */,
				B698E312268DD21B00AE6FBF /* GalleryUIWindow.swift in Sources */,
				B693CC372685BD57001715AF /* SearchViewModel.swift in Sources */,
				B698E30B268DAA1D00AE6FBF /* ReachabilityManager.swift in Sources */,
				B63CEABD2684834000DC941F /* PhotoCell.swift in Sources */,
				B693CC392685D718001715AF /* Ext_UIView.swift in Sources */,
				B63CEAB62684807B00DC941F /* CuratedModel.swift in Sources */,
				B6AFA767268B047400344FD5 /* SettingsVC.swift in Sources */,
				B69A3F402689AF6F008F16E3 /* PhotoManager.swift in Sources */,
				B69A3F2D26872CAC008F16E3 /* GradientView.swift in Sources */,
				B6A9F151268C647A00D32589 /* EditCustomAlbum+UICollectionView.swift in Sources */,
				B63CEAB9268481AF00DC941F /* PinterestLayout.swift in Sources */,
				B6AFA76D268B271000344FD5 /* StoreReviewHelper.swift in Sources */,
				B6AFA771268B432C00344FD5 /* Ext_UserDefaults.swift in Sources */,
				B698E30D268DABEE00AE6FBF /* BaseVC.swift in Sources */,
				B6AFA76F268B32E000344FD5 /* DarkModeSelectionVC.swift in Sources */,
				B63CEA7426845F3C00DC941F /* SceneDelegate.swift in Sources */,
				B6ABA099268B96A400833E8C /* EditCustomAlbumVC.swift in Sources */,
				B6ABA09D268B979500833E8C /* EditAlbumViewModel.swift in Sources */,
				B63CEAAA26846B8000DC941F /* SearchImagesVC.swift in Sources */,
				B6A9F14D268C52D200D32589 /* GalleryCell.swift in Sources */,
				B693CC3B2685DB35001715AF /* SearchTextField.swift in Sources */,
				B6AFA76A268B0C2E00344FD5 /* SettingsCell.swift in Sources */,
				B63CEAD32684C76500DC941F /* Gallery+UIContextMenu.swift in Sources */,
				B69A3F3226879B0D008F16E3 /* Ext_UIApplication.swift in Sources */,
				B693CC4126861217001715AF /* Ext_String.swift in Sources */,
				B63CEAC62684A68400DC941F /* Ext_UIColor.swift in Sources */,
				B63CEAC42684A55E00DC941F /* GradientLabel.swift in Sources */,
				B63CEAA2268462F500DC941F /* TabBar.swift in Sources */,
			);
			runOnlyForDeploymentPostprocessing = 0;
		};
		B63CEA8026845F3D00DC941F /* Sources */ = {
			isa = PBXSourcesBuildPhase;
			buildActionMask = 2147483647;
			files = (
				B63CEA8926845F3D00DC941F /* MyGalleryTests.swift in Sources */,
			);
			runOnlyForDeploymentPostprocessing = 0;
		};
		B63CEA8B26845F3D00DC941F /* Sources */ = {
			isa = PBXSourcesBuildPhase;
			buildActionMask = 2147483647;
			files = (
				B63CEA9426845F3D00DC941F /* MyGalleryUITests.swift in Sources */,
			);
			runOnlyForDeploymentPostprocessing = 0;
		};
/* End PBXSourcesBuildPhase section */

/* Begin PBXTargetDependency section */
		B63CEA8626845F3D00DC941F /* PBXTargetDependency */ = {
			isa = PBXTargetDependency;
			target = B63CEA6D26845F3C00DC941F /* MyGallery */;
			targetProxy = B63CEA8526845F3D00DC941F /* PBXContainerItemProxy */;
		};
		B63CEA9126845F3D00DC941F /* PBXTargetDependency */ = {
			isa = PBXTargetDependency;
			target = B63CEA6D26845F3C00DC941F /* MyGallery */;
			targetProxy = B63CEA9026845F3D00DC941F /* PBXContainerItemProxy */;
		};
/* End PBXTargetDependency section */

/* Begin PBXVariantGroup section */
		B63CEA7C26845F3D00DC941F /* LaunchScreen.storyboard */ = {
			isa = PBXVariantGroup;
			children = (
				B63CEA7D26845F3D00DC941F /* Base */,
			);
			name = LaunchScreen.storyboard;
			sourceTree = "<group>";
		};
		B698E318268DE2AD00AE6FBF /* Localizable.strings */ = {
			isa = PBXVariantGroup;
			children = (
				B698E317268DE2AD00AE6FBF /* en */,
				B698E319268DE2CD00AE6FBF /* el */,
			);
			name = Localizable.strings;
			sourceTree = "<group>";
		};
/* End PBXVariantGroup section */

/* Begin XCBuildConfiguration section */
		B63CEA9626845F3D00DC941F /* Debug */ = {
			isa = XCBuildConfiguration;
			buildSettings = {
				ALWAYS_EMBED_SWIFT_STANDARD_LIBRARIES = "$(inherited)";
				ALWAYS_SEARCH_USER_PATHS = NO;
				CLANG_ANALYZER_LOCALIZABILITY_NONLOCALIZED = YES;
				CLANG_ANALYZER_NONNULL = YES;
				CLANG_ANALYZER_NUMBER_OBJECT_CONVERSION = YES_AGGRESSIVE;
				CLANG_CXX_LANGUAGE_STANDARD = "gnu++14";
				CLANG_CXX_LIBRARY = "libc++";
				CLANG_ENABLE_MODULES = YES;
				CLANG_ENABLE_OBJC_ARC = YES;
				CLANG_ENABLE_OBJC_WEAK = YES;
				CLANG_WARN_BLOCK_CAPTURE_AUTORELEASING = YES;
				CLANG_WARN_BOOL_CONVERSION = YES;
				CLANG_WARN_COMMA = YES;
				CLANG_WARN_CONSTANT_CONVERSION = YES;
				CLANG_WARN_DEPRECATED_OBJC_IMPLEMENTATIONS = YES;
				CLANG_WARN_DIRECT_OBJC_ISA_USAGE = YES_ERROR;
				CLANG_WARN_DOCUMENTATION_COMMENTS = YES;
				CLANG_WARN_EMPTY_BODY = YES;
				CLANG_WARN_ENUM_CONVERSION = YES;
				CLANG_WARN_INFINITE_RECURSION = YES;
				CLANG_WARN_INT_CONVERSION = YES;
				CLANG_WARN_NON_LITERAL_NULL_CONVERSION = YES;
				CLANG_WARN_OBJC_IMPLICIT_RETAIN_SELF = YES;
				CLANG_WARN_OBJC_LITERAL_CONVERSION = YES;
				CLANG_WARN_OBJC_ROOT_CLASS = YES_ERROR;
				CLANG_WARN_QUOTED_INCLUDE_IN_FRAMEWORK_HEADER = YES;
				CLANG_WARN_RANGE_LOOP_ANALYSIS = YES;
				CLANG_WARN_STRICT_PROTOTYPES = YES;
				CLANG_WARN_SUSPICIOUS_MOVE = YES;
				CLANG_WARN_UNGUARDED_AVAILABILITY = YES_AGGRESSIVE;
				CLANG_WARN_UNREACHABLE_CODE = YES;
				CLANG_WARN__DUPLICATE_METHOD_MATCH = YES;
				COPY_PHASE_STRIP = NO;
				DEBUG_INFORMATION_FORMAT = dwarf;
				ENABLE_STRICT_OBJC_MSGSEND = YES;
				ENABLE_TESTABILITY = YES;
				GCC_C_LANGUAGE_STANDARD = gnu11;
				GCC_DYNAMIC_NO_PIC = NO;
				GCC_NO_COMMON_BLOCKS = YES;
				GCC_OPTIMIZATION_LEVEL = 0;
				GCC_PREPROCESSOR_DEFINITIONS = (
					"DEBUG=1",
					"$(inherited)",
				);
				GCC_WARN_64_TO_32_BIT_CONVERSION = YES;
				GCC_WARN_ABOUT_RETURN_TYPE = YES_ERROR;
				GCC_WARN_UNDECLARED_SELECTOR = YES;
				GCC_WARN_UNINITIALIZED_AUTOS = YES_AGGRESSIVE;
				GCC_WARN_UNUSED_FUNCTION = YES;
				GCC_WARN_UNUSED_VARIABLE = YES;
				IPHONEOS_DEPLOYMENT_TARGET = 13.0;
				MTL_ENABLE_DEBUG_INFO = INCLUDE_SOURCE;
				MTL_FAST_MATH = YES;
				ONLY_ACTIVE_ARCH = YES;
				SDKROOT = iphoneos;
				SWIFT_ACTIVE_COMPILATION_CONDITIONS = DEBUG;
				SWIFT_OPTIMIZATION_LEVEL = "-Onone";
			};
			name = Debug;
		};
		B63CEA9726845F3D00DC941F /* Release */ = {
			isa = XCBuildConfiguration;
			buildSettings = {
				ALWAYS_EMBED_SWIFT_STANDARD_LIBRARIES = "$(inherited)";
				ALWAYS_SEARCH_USER_PATHS = NO;
				CLANG_ANALYZER_LOCALIZABILITY_NONLOCALIZED = YES;
				CLANG_ANALYZER_NONNULL = YES;
				CLANG_ANALYZER_NUMBER_OBJECT_CONVERSION = YES_AGGRESSIVE;
				CLANG_CXX_LANGUAGE_STANDARD = "gnu++14";
				CLANG_CXX_LIBRARY = "libc++";
				CLANG_ENABLE_MODULES = YES;
				CLANG_ENABLE_OBJC_ARC = YES;
				CLANG_ENABLE_OBJC_WEAK = YES;
				CLANG_WARN_BLOCK_CAPTURE_AUTORELEASING = YES;
				CLANG_WARN_BOOL_CONVERSION = YES;
				CLANG_WARN_COMMA = YES;
				CLANG_WARN_CONSTANT_CONVERSION = YES;
				CLANG_WARN_DEPRECATED_OBJC_IMPLEMENTATIONS = YES;
				CLANG_WARN_DIRECT_OBJC_ISA_USAGE = YES_ERROR;
				CLANG_WARN_DOCUMENTATION_COMMENTS = YES;
				CLANG_WARN_EMPTY_BODY = YES;
				CLANG_WARN_ENUM_CONVERSION = YES;
				CLANG_WARN_INFINITE_RECURSION = YES;
				CLANG_WARN_INT_CONVERSION = YES;
				CLANG_WARN_NON_LITERAL_NULL_CONVERSION = YES;
				CLANG_WARN_OBJC_IMPLICIT_RETAIN_SELF = YES;
				CLANG_WARN_OBJC_LITERAL_CONVERSION = YES;
				CLANG_WARN_OBJC_ROOT_CLASS = YES_ERROR;
				CLANG_WARN_QUOTED_INCLUDE_IN_FRAMEWORK_HEADER = YES;
				CLANG_WARN_RANGE_LOOP_ANALYSIS = YES;
				CLANG_WARN_STRICT_PROTOTYPES = YES;
				CLANG_WARN_SUSPICIOUS_MOVE = YES;
				CLANG_WARN_UNGUARDED_AVAILABILITY = YES_AGGRESSIVE;
				CLANG_WARN_UNREACHABLE_CODE = YES;
				CLANG_WARN__DUPLICATE_METHOD_MATCH = YES;
				COPY_PHASE_STRIP = NO;
				DEBUG_INFORMATION_FORMAT = "dwarf-with-dsym";
				ENABLE_NS_ASSERTIONS = NO;
				ENABLE_STRICT_OBJC_MSGSEND = YES;
				GCC_C_LANGUAGE_STANDARD = gnu11;
				GCC_NO_COMMON_BLOCKS = YES;
				GCC_WARN_64_TO_32_BIT_CONVERSION = YES;
				GCC_WARN_ABOUT_RETURN_TYPE = YES_ERROR;
				GCC_WARN_UNDECLARED_SELECTOR = YES;
				GCC_WARN_UNINITIALIZED_AUTOS = YES_AGGRESSIVE;
				GCC_WARN_UNUSED_FUNCTION = YES;
				GCC_WARN_UNUSED_VARIABLE = YES;
				IPHONEOS_DEPLOYMENT_TARGET = 13.0;
				MTL_ENABLE_DEBUG_INFO = NO;
				MTL_FAST_MATH = YES;
				SDKROOT = iphoneos;
				SWIFT_COMPILATION_MODE = wholemodule;
				SWIFT_OPTIMIZATION_LEVEL = "-O";
				VALIDATE_PRODUCT = YES;
			};
			name = Release;
		};
		B63CEA9926845F3D00DC941F /* Debug */ = {
			isa = XCBuildConfiguration;
			baseConfigurationReference = 36EBA529B9DB630D7B09534F /* Pods-MyGallery.debug.xcconfig */;
			buildSettings = {
				ALWAYS_EMBED_SWIFT_STANDARD_LIBRARIES = "$(inherited)";
				ASSETCATALOG_COMPILER_APPICON_NAME = AppIcon;
				ASSETCATALOG_COMPILER_GLOBAL_ACCENT_COLOR_NAME = AccentColor;
				CODE_SIGN_STYLE = Automatic;
				DEVELOPMENT_TEAM = 8QYX9VGMBQ;
				INFOPLIST_FILE = MyGallery/Info.plist;
				LD_RUNPATH_SEARCH_PATHS = (
					"$(inherited)",
					"@executable_path/Frameworks",
				);
				PRODUCT_BUNDLE_IDENTIFIER = com.MyGallery.MyGallery;
				PRODUCT_NAME = "$(TARGET_NAME)";
				SWIFT_VERSION = 5.0;
				TARGETED_DEVICE_FAMILY = 1;
			};
			name = Debug;
		};
		B63CEA9A26845F3D00DC941F /* Release */ = {
			isa = XCBuildConfiguration;
			baseConfigurationReference = 4582F299ED9F991FE2EBAE41 /* Pods-MyGallery.release.xcconfig */;
			buildSettings = {
				ALWAYS_EMBED_SWIFT_STANDARD_LIBRARIES = "$(inherited)";
				ASSETCATALOG_COMPILER_APPICON_NAME = AppIcon;
				ASSETCATALOG_COMPILER_GLOBAL_ACCENT_COLOR_NAME = AccentColor;
				CODE_SIGN_STYLE = Automatic;
				DEVELOPMENT_TEAM = 8QYX9VGMBQ;
				INFOPLIST_FILE = MyGallery/Info.plist;
				LD_RUNPATH_SEARCH_PATHS = (
					"$(inherited)",
					"@executable_path/Frameworks",
				);
				PRODUCT_BUNDLE_IDENTIFIER = com.MyGallery.MyGallery;
				PRODUCT_NAME = "$(TARGET_NAME)";
				SWIFT_VERSION = 5.0;
				TARGETED_DEVICE_FAMILY = 1;
			};
			name = Release;
		};
		B63CEA9C26845F3D00DC941F /* Debug */ = {
			isa = XCBuildConfiguration;
			baseConfigurationReference = 9D43A017DEEBA084387D3F6E /* Pods-MyGalleryTests.debug.xcconfig */;
			buildSettings = {
				ALWAYS_EMBED_SWIFT_STANDARD_LIBRARIES = "$(inherited)";
				BUNDLE_LOADER = "$(TEST_HOST)";
				CODE_SIGN_STYLE = Automatic;
				DEVELOPMENT_TEAM = 8QYX9VGMBQ;
				INFOPLIST_FILE = MyGalleryTests/Info.plist;
				IPHONEOS_DEPLOYMENT_TARGET = 14.5;
				LD_RUNPATH_SEARCH_PATHS = (
					"$(inherited)",
					"@executable_path/Frameworks",
					"@loader_path/Frameworks",
				);
				PRODUCT_BUNDLE_IDENTIFIER = com.MyGallery.MyGalleryTests;
				PRODUCT_NAME = "$(TARGET_NAME)";
				SWIFT_VERSION = 5.0;
				TARGETED_DEVICE_FAMILY = "1,2";
				TEST_HOST = "$(BUILT_PRODUCTS_DIR)/MyGallery.app/MyGallery";
			};
			name = Debug;
		};
		B63CEA9D26845F3D00DC941F /* Release */ = {
			isa = XCBuildConfiguration;
			baseConfigurationReference = C155E03FE6508A73A0F1DF41 /* Pods-MyGalleryTests.release.xcconfig */;
			buildSettings = {
				ALWAYS_EMBED_SWIFT_STANDARD_LIBRARIES = "$(inherited)";
				BUNDLE_LOADER = "$(TEST_HOST)";
				CODE_SIGN_STYLE = Automatic;
				DEVELOPMENT_TEAM = 8QYX9VGMBQ;
				INFOPLIST_FILE = MyGalleryTests/Info.plist;
				IPHONEOS_DEPLOYMENT_TARGET = 14.5;
				LD_RUNPATH_SEARCH_PATHS = (
					"$(inherited)",
					"@executable_path/Frameworks",
					"@loader_path/Frameworks",
				);
				PRODUCT_BUNDLE_IDENTIFIER = com.MyGallery.MyGalleryTests;
				PRODUCT_NAME = "$(TARGET_NAME)";
				SWIFT_VERSION = 5.0;
				TARGETED_DEVICE_FAMILY = "1,2";
				TEST_HOST = "$(BUILT_PRODUCTS_DIR)/MyGallery.app/MyGallery";
			};
			name = Release;
		};
		B63CEA9F26845F3D00DC941F /* Debug */ = {
			isa = XCBuildConfiguration;
			baseConfigurationReference = F8646D12B5C26D6D211F4584 /* Pods-MyGallery-MyGalleryUITests.debug.xcconfig */;
			buildSettings = {
				ALWAYS_EMBED_SWIFT_STANDARD_LIBRARIES = "$(inherited)";
				CODE_SIGN_STYLE = Automatic;
				DEVELOPMENT_TEAM = 8QYX9VGMBQ;
				INFOPLIST_FILE = MyGalleryUITests/Info.plist;
				LD_RUNPATH_SEARCH_PATHS = (
					"$(inherited)",
					"@executable_path/Frameworks",
					"@loader_path/Frameworks",
				);
				PRODUCT_BUNDLE_IDENTIFIER = com.MyGallery.MyGalleryUITests;
				PRODUCT_NAME = "$(TARGET_NAME)";
				SWIFT_VERSION = 5.0;
				TARGETED_DEVICE_FAMILY = "1,2";
				TEST_TARGET_NAME = MyGallery;
			};
			name = Debug;
		};
		B63CEAA026845F3D00DC941F /* Release */ = {
			isa = XCBuildConfiguration;
			baseConfigurationReference = 14C6A59D525E7025D6ABE050 /* Pods-MyGallery-MyGalleryUITests.release.xcconfig */;
			buildSettings = {
				ALWAYS_EMBED_SWIFT_STANDARD_LIBRARIES = "$(inherited)";
				CODE_SIGN_STYLE = Automatic;
				DEVELOPMENT_TEAM = 8QYX9VGMBQ;
				INFOPLIST_FILE = MyGalleryUITests/Info.plist;
				LD_RUNPATH_SEARCH_PATHS = (
					"$(inherited)",
					"@executable_path/Frameworks",
					"@loader_path/Frameworks",
				);
				PRODUCT_BUNDLE_IDENTIFIER = com.MyGallery.MyGalleryUITests;
				PRODUCT_NAME = "$(TARGET_NAME)";
				SWIFT_VERSION = 5.0;
				TARGETED_DEVICE_FAMILY = "1,2";
				TEST_TARGET_NAME = MyGallery;
			};
			name = Release;
		};
/* End XCBuildConfiguration section */

/* Begin XCConfigurationList section */
		B63CEA6926845F3C00DC941F /* Build configuration list for PBXProject "MyGallery" */ = {
			isa = XCConfigurationList;
			buildConfigurations = (
				B63CEA9626845F3D00DC941F /* Debug */,
				B63CEA9726845F3D00DC941F /* Release */,
			);
			defaultConfigurationIsVisible = 0;
			defaultConfigurationName = Release;
		};
		B63CEA9826845F3D00DC941F /* Build configuration list for PBXNativeTarget "MyGallery" */ = {
			isa = XCConfigurationList;
			buildConfigurations = (
				B63CEA9926845F3D00DC941F /* Debug */,
				B63CEA9A26845F3D00DC941F /* Release */,
			);
			defaultConfigurationIsVisible = 0;
			defaultConfigurationName = Release;
		};
		B63CEA9B26845F3D00DC941F /* Build configuration list for PBXNativeTarget "MyGalleryTests" */ = {
			isa = XCConfigurationList;
			buildConfigurations = (
				B63CEA9C26845F3D00DC941F /* Debug */,
				B63CEA9D26845F3D00DC941F /* Release */,
			);
			defaultConfigurationIsVisible = 0;
			defaultConfigurationName = Release;
		};
		B63CEA9E26845F3D00DC941F /* Build configuration list for PBXNativeTarget "MyGalleryUITests" */ = {
			isa = XCConfigurationList;
			buildConfigurations = (
				B63CEA9F26845F3D00DC941F /* Debug */,
				B63CEAA026845F3D00DC941F /* Release */,
			);
			defaultConfigurationIsVisible = 0;
			defaultConfigurationName = Release;
		};
/* End XCConfigurationList section */
	};
	rootObject = B63CEA6626845F3C00DC941F /* Project object */;
}
